
Microsoft Visual Studio Solution File, Format Version 12.00
# Visual Studio 15
VisualStudioVersion = 15.0.26430.13
MinimumVisualStudioVersion = 10.0.40219.1
Project("{FAE04EC0-301F-11D3-BF4B-00C04F79EFBC}") = "SortTimes", "SortTimes\SortTimes.csproj", "{3DE52CCB-E829-4DA7-BA4E-7960E1FD8D60}"
EndProject
Project("{FAE04EC0-301F-11D3-BF4B-00C04F79EFBC}") = "OddFilter", "OddFilter\OddFilter.csproj", "{FDC165CB-BD32-4C23-A805-21F064619113}"
EndProject
Project("{FAE04EC0-301F-11D3-BF4B-00C04F79EFBC}") = "ImmuneSystem", "ImmuneSystem\ImmuneSystem.csproj", "{0826C5A3-7EFE-4C41-92C8-43939AE5C49D}"
EndProject
Project("{FAE04EC0-301F-11D3-BF4B-00C04F79EFBC}") = "SupermarketDatabase", "SupermarketDatabase\SupermarketDatabase.csproj", "{3ACFDF91-65ED-4290-8818-51CF315774E9}"
EndProject
Project("{FAE04EC0-301F-11D3-BF4B-00C04F79EFBC}") = "ParkingValidation", "ParkingValidation\ParkingValidation.csproj", "{28767778-0DE1-4B2E-B21F-65D223E73366}"
EndProject
Project("{FAE04EC0-301F-11D3-BF4B-00C04F79EFBC}") = "ByteFlip", "ByteFlip\ByteFlip.csproj", "{FF1E9F22-3F45-4A60-B473-44AB1FE96395}"
EndProject
Project("{FAE04EC0-301F-11D3-BF4B-00C04F79EFBC}") = "SkipTakeRope", "SkipTakeRope\SkipTakeRope.csproj", "{F83596FC-3372-43D6-BCC0-1C7413C2145F}"
EndProject
Global
	GlobalSection(SolutionConfigurationPlatforms) = preSolution
		Debug|Any CPU = Debug|Any CPU
		Release|Any CPU = Release|Any CPU
	EndGlobalSection
	GlobalSection(ProjectConfigurationPlatforms) = postSolution
		{3DE52CCB-E829-4DA7-BA4E-7960E1FD8D60}.Debug|Any CPU.ActiveCfg = Debug|Any CPU
		{3DE52CCB-E829-4DA7-BA4E-7960E1FD8D60}.Debug|Any CPU.Build.0 = Debug|Any CPU
		{3DE52CCB-E829-4DA7-BA4E-7960E1FD8D60}.Release|Any CPU.ActiveCfg = Release|Any CPU
		{3DE52CCB-E829-4DA7-BA4E-7960E1FD8D60}.Release|Any CPU.Build.0 = Release|Any CPU
		{FDC165CB-BD32-4C23-A805-21F064619113}.Debug|Any CPU.ActiveCfg = Debug|Any CPU
		{FDC165CB-BD32-4C23-A805-21F064619113}.Debug|Any CPU.Build.0 = Debug|Any CPU
		{FDC165CB-BD32-4C23-A805-21F064619113}.Release|Any CPU.ActiveCfg = Release|Any CPU
		{FDC165CB-BD32-4C23-A805-21F064619113}.Release|Any CPU.Build.0 = Release|Any CPU
		{0826C5A3-7EFE-4C41-92C8-43939AE5C49D}.Debug|Any CPU.ActiveCfg = Debug|Any CPU
		{0826C5A3-7EFE-4C41-92C8-43939AE5C49D}.Debug|Any CPU.Build.0 = Debug|Any CPU
		{0826C5A3-7EFE-4C41-92C8-43939AE5C49D}.Release|Any CPU.ActiveCfg = Release|Any CPU
		{0826C5A3-7EFE-4C41-92C8-43939AE5C49D}.Release|Any CPU.Build.0 = Release|Any CPU
		{3ACFDF91-65ED-4290-8818-51CF315774E9}.Debug|Any CPU.ActiveCfg = Debug|Any CPU
		{3ACFDF91-65ED-4290-8818-51CF315774E9}.Debug|Any CPU.Build.0 = Debug|Any CPU
		{3ACFDF91-65ED-4290-8818-51CF315774E9}.Release|Any CPU.ActiveCfg = Release|Any CPU
		{3ACFDF91-65ED-4290-8818-51CF315774E9}.Release|Any CPU.Build.0 = Release|Any CPU
		{28767778-0DE1-4B2E-B21F-65D223E73366}.Debug|Any CPU.ActiveCfg = Debug|Any CPU
		{28767778-0DE1-4B2E-B21F-65D223E73366}.Debug|Any CPU.Build.0 = Debug|Any CPU
		{28767778-0DE1-4B2E-B21F-65D223E73366}.Release|Any CPU.ActiveCfg = Release|Any CPU
		{28767778-0DE1-4B2E-B21F-65D223E73366}.Release|Any CPU.Build.0 = Release|Any CPU
		{FF1E9F22-3F45-4A60-B473-44AB1FE96395}.Debug|Any CPU.ActiveCfg = Debug|Any CPU
		{FF1E9F22-3F45-4A60-B473-44AB1FE96395}.Debug|Any CPU.Build.0 = Debug|Any CPU
		{FF1E9F22-3F45-4A60-B473-44AB1FE96395}.Release|Any CPU.ActiveCfg = Release|Any CPU
		{FF1E9F22-3F45-4A60-B473-44AB1FE96395}.Release|Any CPU.Build.0 = Release|Any CPU
		{F83596FC-3372-43D6-BCC0-1C7413C2145F}.Debug|Any CPU.ActiveCfg = Debug|Any CPU
		{F83596FC-3372-43D6-BCC0-1C7413C2145F}.Debug|Any CPU.Build.0 = Debug|Any CPU
		{F83596FC-3372-43D6-BCC0-1C7413C2145F}.Release|Any CPU.ActiveCfg = Release|Any CPU
		{F83596FC-3372-43D6-BCC0-1C7413C2145F}.Release|Any CPU.Build.0 = Release|Any CPU
	EndGlobalSection
	GlobalSection(SolutionProperties) = preSolution
		HideSolutionNode = FALSE
	EndGlobalSection
EndGlobal
